github.com/govalues/decimal v0.1.33 h1:OoLFgtSrAK+Xttmv5ULVobriuoSKC/gyQjAqBjQqJE4=
github.com/govalues/decimal v0.1.33/go.mod h1:Ee7eI3Llf7hfqDZtpj8Q6NCIgJy1iY3kH1pSwDrNqlM=
github.com/matryer/is v1.4.1 h1:55ehd8zaGABKLXQUe2awZ99BD/PTc2ls+KV/dXphgEQ=
github.com/matryer/is v1.4.1/go.mod h1:8I/i5uYgLzgsgEloJE1U6xx5HkBQpAZvepWuujKwMRU=
